
Microsoft Visual Studio Solution File, Format Version 12.00
# Visual Studio Version 16
VisualStudioVersion = 16.0.29519.181
MinimumVisualStudioVersion = 10.0.40219.1
Project("{FAE04EC0-301F-11D3-BF4B-00C04F79EFBC}") = "ServiceApi", "ServiceApi\ServiceApi.csproj", "{B6EDAF39-C594-4724-B5E8-DDA9C870DE72}"
EndProject
Global
	GlobalSection(SolutionConfigurationPlatforms) = preSolution
		Debug|Any CPU = Debug|Any CPU
		Release|Any CPU = Release|Any CPU
	EndGlobalSection
	GlobalSection(ProjectConfigurationPlatforms) = postSolution
		{B6EDAF39-C594-4724-B5E8-DDA9C870DE72}.Debug|Any CPU.ActiveCfg = Debug|Any CPU
		{B6EDAF39-C594-4724-B5E8-DDA9C870DE72}.Debug|Any CPU.Build.0 = Debug|Any CPU
		{B6EDAF39-C594-4724-B5E8-DDA9C870DE72}.Release|Any CPU.ActiveCfg = Release|Any CPU
		{B6EDAF39-C594-4724-B5E8-DDA9C870DE72}.Release|Any CPU.Build.0 = Release|Any CPU
	EndGlobalSection
	GlobalSection(SolutionProperties) = preSolution
		HideSolutionNode = FALSE
	EndGlobalSection
	GlobalSection(ExtensibilityGlobals) = postSolution
		SolutionGuid = {4A29A492-20CF-4B7F-B403-B4205C51EB47}
	EndGlobalSection
EndGlobal
